
Microsoft Visual Studio Solution File, Format Version 12.00
# Visual Studio Version 17
VisualStudioVersion = 17.6.33829.357
MinimumVisualStudioVersion = 10.0.40219.1
Project("{FAE04EC0-301F-11D3-BF4B-00C04F79EFBC}") = "__SOURCE__", "src\__SOURCE__\__SOURCE__.csproj", "{D79E77B2-143C-427C-A014-A9C1D25DCC70}"
EndProject
Project("{FAE04EC0-301F-11D3-BF4B-00C04F79EFBC}") = "__SOURCE__.Tests", "src\__SOURCE__.Tests\__SOURCE__.Tests.csproj", "{5ED17F83-C24F-4DB7-8E5D-9E0726065A5D}"
EndProject
Global
	GlobalSection(SolutionConfigurationPlatforms) = preSolution
		Debug|Any CPU = Debug|Any CPU
		Release|Any CPU = Release|Any CPU
	EndGlobalSection
	GlobalSection(ProjectConfigurationPlatforms) = postSolution
		{D79E77B2-143C-427C-A014-A9C1D25DCC70}.Debug|Any CPU.ActiveCfg = Debug|Any CPU
		{D79E77B2-143C-427C-A014-A9C1D25DCC70}.Debug|Any CPU.Build.0 = Debug|Any CPU
		{D79E77B2-143C-427C-A014-A9C1D25DCC70}.Release|Any CPU.ActiveCfg = Release|Any CPU
		{D79E77B2-143C-427C-A014-A9C1D25DCC70}.Release|Any CPU.Build.0 = Release|Any CPU
		{5ED17F83-C24F-4DB7-8E5D-9E0726065A5D}.Debug|Any CPU.ActiveCfg = Debug|Any CPU
		{5ED17F83-C24F-4DB7-8E5D-9E0726065A5D}.Debug|Any CPU.Build.0 = Debug|Any CPU
		{5ED17F83-C24F-4DB7-8E5D-9E0726065A5D}.Release|Any CPU.ActiveCfg = Release|Any CPU
		{5ED17F83-C24F-4DB7-8E5D-9E0726065A5D}.Release|Any CPU.Build.0 = Release|Any CPU
	EndGlobalSection
	GlobalSection(SolutionProperties) = preSolution
		HideSolutionNode = FALSE
	EndGlobalSection
	GlobalSection(ExtensibilityGlobals) = postSolution
		SolutionGuid = {EDB38097-8100-42BD-B85B-7C899B00F58B}
	EndGlobalSection
EndGlobal
